# This file was autogenerated by Stack.
# You should not edit this file by hand.
# For more information, please see the documentation at:
#   https://docs.haskellstack.org/en/stable/lock_files

packages:
- completed:
    hackage: advent-of-code-api-0.2.7.0@sha256:d16c39e5f149bb046b05adf94ba2c3232a24d21587cb75b3c4c4480f1e270564,2351
    pantry-tree:
      size: 1185
      sha256: 1688c03a530c5eaf1581e1d5104e8481d3b2199ce973eb8599eb64168edc3908
  original:
    hackage: advent-of-code-api-0.2.7.0
snapshots:
- completed:
    size: 532832
    url: https://raw.githubusercontent.com/commercialhaskell/stackage-snapshots/master/lts/16/23.yaml
    sha256: fbb2a0519008533924c7753bd7164ddd1009f09504eb06674acad6049b46db09
  original: lts-16.23
