# This file was autogenerated by Stack.
# You should not edit this file by hand.
# For more information, please see the documentation at:
#   https://docs.haskellstack.org/en/stable/lock_files

packages:
- completed:
    hackage: pure-fft-0.2.0@sha256:1af30d9f06e42e1a8c1930faf0eac467fe91787556c99f8a8c920e1950c24c29,659
    pantry-tree:
      size: 211
      sha256: 461363d5c37839fc03ac7a8130dae096869aba4582ab6757c2f50ddfb0094235
  original:
    hackage: pure-fft-0.2.0
- completed:
    hackage: astar-0.3.0.0@sha256:8bf6350542e9db9451490e8993560ee843dc48a61d46a206985430f9b62461c8,967
    pantry-tree:
      size: 213
      sha256: c4176cc3fc9ad39f2a9fc7eb4346c87b6e60b70ba23d8e2adbdfc81fe544b808
  original:
    hackage: astar-0.3.0.0
- completed:
    hackage: free-algebras-0.0.8.0@sha256:057ad477199ec68005ce029dd5f5d14e3cd52e67f769f412904fb8fd6e22a29a,2482
    pantry-tree:
      size: 1139
      sha256: 64c04b6b08f6f666d6c925ca38dc2985abfc07c5382ef3e04d386acb4f924114
  original:
    hackage: free-algebras-0.0.8.0
- completed:
    hackage: advent-of-code-api-0.2.7.0@sha256:d16c39e5f149bb046b05adf94ba2c3232a24d21587cb75b3c4c4480f1e270564,2351
    pantry-tree:
      size: 1185
      sha256: 1688c03a530c5eaf1581e1d5104e8481d3b2199ce973eb8599eb64168edc3908
  original:
    hackage: advent-of-code-api-0.2.7.0
- completed:
    hackage: megaparsec-8.0.0@sha256:362f85e243ecbcb550e1de6e5c74ba5a50c09edaa1208c99bc5b9fd242227fc6,3808
    pantry-tree:
      size: 1446
      sha256: 955117c00a86970f2d0c215f33cf5293b16589c04678a0a790c03368ab6fd0aa
  original:
    hackage: megaparsec-8.0.0
snapshots:
- completed:
    size: 524804
    url: https://raw.githubusercontent.com/commercialhaskell/stackage-snapshots/master/lts/14/16.yaml
    sha256: 4d1519a4372d051d47a5eae2241cf3fb54e113d7475f89707ddb6ec06add2888
  original: lts-14.16
