# This file was autogenerated by Stack.
# You should not edit this file by hand.
# For more information, please see the documentation at:
#   https://docs.haskellstack.org/en/stable/lock_files

packages:
- completed:
    hackage: pure-fft-0.2.0@sha256:1af30d9f06e42e1a8c1930faf0eac467fe91787556c99f8a8c920e1950c24c29,659
    pantry-tree:
      size: 211
      sha256: 461363d5c37839fc03ac7a8130dae096869aba4582ab6757c2f50ddfb0094235
  original:
    hackage: pure-fft-0.2.0
- completed:
    hackage: astar-0.3.0.0@sha256:8bf6350542e9db9451490e8993560ee843dc48a61d46a206985430f9b62461c8,967
    pantry-tree:
      size: 213
      sha256: c4176cc3fc9ad39f2a9fc7eb4346c87b6e60b70ba23d8e2adbdfc81fe544b808
  original:
    hackage: astar-0.3.0.0
- completed:
    hackage: free-algebras-0.0.8.0@sha256:057ad477199ec68005ce029dd5f5d14e3cd52e67f769f412904fb8fd6e22a29a,2482
    pantry-tree:
      size: 1139
      sha256: 64c04b6b08f6f666d6c925ca38dc2985abfc07c5382ef3e04d386acb4f924114
  original:
    hackage: free-algebras-0.0.8.0
- completed:
    hackage: advent-of-code-api-0.2.1.0@sha256:b6faf929af0f2cbdccfe4f5bf8da62a23fffb2c380649259ecabf4b870c04a56,2286
    pantry-tree:
      size: 1124
      sha256: bed11884d641cc8af7d14d46b6d482935e6116c59dc30ed6ad733367a91d8cdc
  original:
    hackage: advent-of-code-api-0.2.1.0
snapshots:
- completed:
    size: 525876
    url: https://raw.githubusercontent.com/commercialhaskell/stackage-snapshots/master/lts/14/13.yaml
    sha256: 4a0e79eb194c937cc2a1852ff84d983c63ac348dc6bad5f38d20cab697036eef
  original: lts-14.13
